
Microsoft Visual Studio Solution File, Format Version 12.00
# Visual Studio Version 17
VisualStudioVersion = 17.9.34622.214
MinimumVisualStudioVersion = 10.0.40219.1
Project("{FAE04EC0-301F-11D3-BF4B-00C04F79EFBC}") = "Commerce", "Commerce\Commerce.csproj", "{571F556A-700F-4326-BF70-6F1B019B8CE6}"
EndProject
Global
	GlobalSection(SolutionConfigurationPlatforms) = preSolution
		Debug|Any CPU = Debug|Any CPU
		Release|Any CPU = Release|Any CPU
	EndGlobalSection
	GlobalSection(ProjectConfigurationPlatforms) = postSolution
		{571F556A-700F-4326-BF70-6F1B019B8CE6}.Debug|Any CPU.ActiveCfg = Debug|Any CPU
		{571F556A-700F-4326-BF70-6F1B019B8CE6}.Debug|Any CPU.Build.0 = Debug|Any CPU
		{571F556A-700F-4326-BF70-6F1B019B8CE6}.Release|Any CPU.ActiveCfg = Release|Any CPU
		{571F556A-700F-4326-BF70-6F1B019B8CE6}.Release|Any CPU.Build.0 = Release|Any CPU
	EndGlobalSection
	GlobalSection(SolutionProperties) = preSolution
		HideSolutionNode = FALSE
	EndGlobalSection
	GlobalSection(ExtensibilityGlobals) = postSolution
		SolutionGuid = {64A4907B-DD3F-45E0-9919-D07790B9C8F6}
	EndGlobalSection
EndGlobal
